
Microsoft Visual Studio Solution File, Format Version 12.00
# Visual Studio Version 17
VisualStudioVersion = 17.7.34031.279
MinimumVisualStudioVersion = 10.0.40219.1
Project("{FAE04EC0-301F-11D3-BF4B-00C04F79EFBC}") = "BlogSite", "BlogSite\BlogSite.csproj", "{4A3D3506-50F5-4E1B-9F57-ADFEF3A38472}"
EndProject
Project("{FAE04EC0-301F-11D3-BF4B-00C04F79EFBC}") = "BlogApp", "BlogApp\BlogApp.csproj", "{146025C0-CC6D-4F25-8809-7FAF0B65A019}"
EndProject
Global
	GlobalSection(SolutionConfigurationPlatforms) = preSolution
		Debug|Any CPU = Debug|Any CPU
		Release|Any CPU = Release|Any CPU
	EndGlobalSection
	GlobalSection(ProjectConfigurationPlatforms) = postSolution
		{4A3D3506-50F5-4E1B-9F57-ADFEF3A38472}.Debug|Any CPU.ActiveCfg = Debug|Any CPU
		{4A3D3506-50F5-4E1B-9F57-ADFEF3A38472}.Debug|Any CPU.Build.0 = Debug|Any CPU
		{4A3D3506-50F5-4E1B-9F57-ADFEF3A38472}.Release|Any CPU.ActiveCfg = Release|Any CPU
		{4A3D3506-50F5-4E1B-9F57-ADFEF3A38472}.Release|Any CPU.Build.0 = Release|Any CPU
		{146025C0-CC6D-4F25-8809-7FAF0B65A019}.Debug|Any CPU.ActiveCfg = Debug|Any CPU
		{146025C0-CC6D-4F25-8809-7FAF0B65A019}.Debug|Any CPU.Build.0 = Debug|Any CPU
		{146025C0-CC6D-4F25-8809-7FAF0B65A019}.Release|Any CPU.ActiveCfg = Release|Any CPU
		{146025C0-CC6D-4F25-8809-7FAF0B65A019}.Release|Any CPU.Build.0 = Release|Any CPU
	EndGlobalSection
	GlobalSection(SolutionProperties) = preSolution
		HideSolutionNode = FALSE
	EndGlobalSection
	GlobalSection(ExtensibilityGlobals) = postSolution
		SolutionGuid = {85624C06-4107-417E-80A8-2A2064FFC512}
	EndGlobalSection
EndGlobal
